
Microsoft Visual Studio Solution File, Format Version 12.00
# Visual Studio Version 17
VisualStudioVersion = 17.7.34024.191
MinimumVisualStudioVersion = 10.0.40219.1
Project("{FAE04EC0-301F-11D3-BF4B-00C04F79EFBC}") = "Ilusalong", "Ilusalong.csproj", "{05906074-C66E-4E60-946B-25C81BE3369C}"
EndProject
Global
	GlobalSection(SolutionConfigurationPlatforms) = preSolution
		Debug|Any CPU = Debug|Any CPU
		Release|Any CPU = Release|Any CPU
	EndGlobalSection
	GlobalSection(ProjectConfigurationPlatforms) = postSolution
		{05906074-C66E-4E60-946B-25C81BE3369C}.Debug|Any CPU.ActiveCfg = Debug|Any CPU
		{05906074-C66E-4E60-946B-25C81BE3369C}.Debug|Any CPU.Build.0 = Debug|Any CPU
		{05906074-C66E-4E60-946B-25C81BE3369C}.Release|Any CPU.ActiveCfg = Release|Any CPU
		{05906074-C66E-4E60-946B-25C81BE3369C}.Release|Any CPU.Build.0 = Release|Any CPU
	EndGlobalSection
	GlobalSection(SolutionProperties) = preSolution
		HideSolutionNode = FALSE
	EndGlobalSection
	GlobalSection(ExtensibilityGlobals) = postSolution
		SolutionGuid = {7228C8CA-5907-4A7E-9D82-6FB99A559A5E}
	EndGlobalSection
EndGlobal
